// !$*UTF8*$!
{
	archiveVersion = 1;
	classes = {
	};
	objectVersion = 56;
	objects = {

/* Begin PBXBuildFile section */
		7E21A3962B1A4B43000C1E06 /* AppDelegate.swift in Sources */ = {isa = PBXBuildFile; fileRef = 7E21A3952B1A4B43000C1E06 /* AppDelegate.swift */; };
		7E21A39A2B1A4B43000C1E06 /* ViewController.swift in Sources */ = {isa = PBXBuildFile; fileRef = 7E21A3992B1A4B43000C1E06 /* ViewController.swift */; };
		7E21A39D2B1A4B43000C1E06 /* Main.storyboard in Resources */ = {isa = PBXBuildFile; fileRef = 7E21A39B2B1A4B43000C1E06 /* Main.storyboard */; };
		7E21A39F2B1A4B45000C1E06 /* Assets.xcassets in Resources */ = {isa = PBXBuildFile; fileRef = 7E21A39E2B1A4B45000C1E06 /* Assets.xcassets */; };
		7E21A3A22B1A4B45000C1E06 /* LaunchScreen.storyboard in Resources */ = {isa = PBXBuildFile; fileRef = 7E21A3A02B1A4B45000C1E06 /* LaunchScreen.storyboard */; };
		7E21A3AB2B1A4C95000C1E06 /* NetworkService.swift in Sources */ = {isa = PBXBuildFile; fileRef = 7E21A3AA2B1A4C95000C1E06 /* NetworkService.swift */; };
		7E21A3AD2B1A4D28000C1E06 /* NetworkServiceProvider.swift in Sources */ = {isa = PBXBuildFile; fileRef = 7E21A3AC2B1A4D28000C1E06 /* NetworkServiceProvider.swift */; };
		7E21A3AF2B1A4DAE000C1E06 /* ChannelsNetworkService.swift in Sources */ = {isa = PBXBuildFile; fileRef = 7E21A3AE2B1A4DAE000C1E06 /* ChannelsNetworkService.swift */; };
		7E21A3B32B1A523C000C1E06 /* ChannelsList.swift in Sources */ = {isa = PBXBuildFile; fileRef = 7E21A3B22B1A523C000C1E06 /* ChannelsList.swift */; };
		7E21A3B52B1A53CE000C1E06 /* Channel.swift in Sources */ = {isa = PBXBuildFile; fileRef = 7E21A3B42B1A53CE000C1E06 /* Channel.swift */; };
		7E21A3B72B1A5665000C1E06 /* TVShow.swift in Sources */ = {isa = PBXBuildFile; fileRef = 7E21A3B62B1A5665000C1E06 /* TVShow.swift */; };
		7E21A3B92B1A5675000C1E06 /* ForeignPlayer.swift in Sources */ = {isa = PBXBuildFile; fileRef = 7E21A3B82B1A5675000C1E06 /* ForeignPlayer.swift */; };
/* End PBXBuildFile section */

/* Begin PBXFileReference section */
		7E21A3922B1A4B43000C1E06 /* IPTVPlayer.app */ = {isa = PBXFileReference; explicitFileType = wrapper.application; includeInIndex = 0; path = IPTVPlayer.app; sourceTree = BUILT_PRODUCTS_DIR; };
		7E21A3952B1A4B43000C1E06 /* AppDelegate.swift */ = {isa = PBXFileReference; lastKnownFileType = sourcecode.swift; path = AppDelegate.swift; sourceTree = "<group>"; };
		7E21A3992B1A4B43000C1E06 /* ViewController.swift */ = {isa = PBXFileReference; lastKnownFileType = sourcecode.swift; path = ViewController.swift; sourceTree = "<group>"; };
		7E21A39C2B1A4B43000C1E06 /* Base */ = {isa = PBXFileReference; lastKnownFileType = file.storyboard; name = Base; path = Base.lproj/Main.storyboard; sourceTree = "<group>"; };
		7E21A39E2B1A4B45000C1E06 /* Assets.xcassets */ = {isa = PBXFileReference; lastKnownFileType = folder.assetcatalog; path = Assets.xcassets; sourceTree = "<group>"; };
		7E21A3A12B1A4B45000C1E06 /* Base */ = {isa = PBXFileReference; lastKnownFileType = file.storyboard; name = Base; path = Base.lproj/LaunchScreen.storyboard; sourceTree = "<group>"; };
		7E21A3A32B1A4B45000C1E06 /* Info.plist */ = {isa = PBXFileReference; lastKnownFileType = text.plist.xml; path = Info.plist; sourceTree = "<group>"; };
		7E21A3AA2B1A4C95000C1E06 /* NetworkService.swift */ = {isa = PBXFileReference; lastKnownFileType = sourcecode.swift; path = NetworkService.swift; sourceTree = "<group>"; };
		7E21A3AC2B1A4D28000C1E06 /* NetworkServiceProvider.swift */ = {isa = PBXFileReference; lastKnownFileType = sourcecode.swift; path = NetworkServiceProvider.swift; sourceTree = "<group>"; };
		7E21A3AE2B1A4DAE000C1E06 /* ChannelsNetworkService.swift */ = {isa = PBXFileReference; lastKnownFileType = sourcecode.swift; path = ChannelsNetworkService.swift; sourceTree = "<group>"; };
		7E21A3B22B1A523C000C1E06 /* ChannelsList.swift */ = {isa = PBXFileReference; lastKnownFileType = sourcecode.swift; path = ChannelsList.swift; sourceTree = "<group>"; };
		7E21A3B42B1A53CE000C1E06 /* Channel.swift */ = {isa = PBXFileReference; lastKnownFileType = sourcecode.swift; path = Channel.swift; sourceTree = "<group>"; };
		7E21A3B62B1A5665000C1E06 /* TVShow.swift */ = {isa = PBXFileReference; lastKnownFileType = sourcecode.swift; path = TVShow.swift; sourceTree = "<group>"; };
		7E21A3B82B1A5675000C1E06 /* ForeignPlayer.swift */ = {isa = PBXFileReference; lastKnownFileType = sourcecode.swift; path = ForeignPlayer.swift; sourceTree = "<group>"; };
/* End PBXFileReference section */

/* Begin PBXFrameworksBuildPhase section */
		7E21A38F2B1A4B43000C1E06 /* Frameworks */ = {
			isa = PBXFrameworksBuildPhase;
			buildActionMask = 2147483647;
			files = (
			);
			runOnlyForDeploymentPostprocessing = 0;
		};
/* End PBXFrameworksBuildPhase section */

/* Begin PBXGroup section */
		7E21A3892B1A4B43000C1E06 = {
			isa = PBXGroup;
			children = (
				7E21A3942B1A4B43000C1E06 /* IPTVPlayer */,
				7E21A3932B1A4B43000C1E06 /* Products */,
			);
			sourceTree = "<group>";
		};
		7E21A3932B1A4B43000C1E06 /* Products */ = {
			isa = PBXGroup;
			children = (
				7E21A3922B1A4B43000C1E06 /* IPTVPlayer.app */,
			);
			name = Products;
			sourceTree = "<group>";
		};
		7E21A3942B1A4B43000C1E06 /* IPTVPlayer */ = {
			isa = PBXGroup;
			children = (
				7E21A3A92B1A4C39000C1E06 /* Services */,
				7E21A3952B1A4B43000C1E06 /* AppDelegate.swift */,
				7E21A3992B1A4B43000C1E06 /* ViewController.swift */,
				7E21A39B2B1A4B43000C1E06 /* Main.storyboard */,
				7E21A39E2B1A4B45000C1E06 /* Assets.xcassets */,
				7E21A3A02B1A4B45000C1E06 /* LaunchScreen.storyboard */,
				7E21A3A32B1A4B45000C1E06 /* Info.plist */,
			);
			path = IPTVPlayer;
			sourceTree = "<group>";
		};
		7E21A3A92B1A4C39000C1E06 /* Services */ = {
			isa = PBXGroup;
			children = (
				7E21A3B02B1A519D000C1E06 /* NetworkService */,
			);
			path = Services;
			sourceTree = "<group>";
		};
		7E21A3B02B1A519D000C1E06 /* NetworkService */ = {
			isa = PBXGroup;
			children = (
				7E21A3B12B1A51BE000C1E06 /* NetworkModels */,
				7E21A3AE2B1A4DAE000C1E06 /* ChannelsNetworkService.swift */,
				7E21A3AC2B1A4D28000C1E06 /* NetworkServiceProvider.swift */,
				7E21A3AA2B1A4C95000C1E06 /* NetworkService.swift */,
			);
			path = NetworkService;
			sourceTree = "<group>";
		};
		7E21A3B12B1A51BE000C1E06 /* NetworkModels */ = {
			isa = PBXGroup;
			children = (
				7E21A3B22B1A523C000C1E06 /* ChannelsList.swift */,
				7E21A3B42B1A53CE000C1E06 /* Channel.swift */,
				7E21A3B62B1A5665000C1E06 /* TVShow.swift */,
				7E21A3B82B1A5675000C1E06 /* ForeignPlayer.swift */,
			);
			path = NetworkModels;
			sourceTree = "<group>";
		};
/* End PBXGroup section */

/* Begin PBXNativeTarget section */
		7E21A3912B1A4B43000C1E06 /* IPTVPlayer */ = {
			isa = PBXNativeTarget;
			buildConfigurationList = 7E21A3A62B1A4B45000C1E06 /* Build configuration list for PBXNativeTarget "IPTVPlayer" */;
			buildPhases = (
				7E21A38E2B1A4B43000C1E06 /* Sources */,
				7E21A38F2B1A4B43000C1E06 /* Frameworks */,
				7E21A3902B1A4B43000C1E06 /* Resources */,
			);
			buildRules = (
			);
			dependencies = (
			);
			name = IPTVPlayer;
			productName = IPTVPlayer;
			productReference = 7E21A3922B1A4B43000C1E06 /* IPTVPlayer.app */;
			productType = "com.apple.product-type.application";
		};
/* End PBXNativeTarget section */

/* Begin PBXProject section */
		7E21A38A2B1A4B43000C1E06 /* Project object */ = {
			isa = PBXProject;
			attributes = {
				BuildIndependentTargetsInParallel = 1;
				LastSwiftUpdateCheck = 1430;
				LastUpgradeCheck = 1430;
				TargetAttributes = {
					7E21A3912B1A4B43000C1E06 = {
						CreatedOnToolsVersion = 14.3.1;
					};
				};
			};
			buildConfigurationList = 7E21A38D2B1A4B43000C1E06 /* Build configuration list for PBXProject "IPTVPlayer" */;
			compatibilityVersion = "Xcode 14.0";
			developmentRegion = en;
			hasScannedForEncodings = 0;
			knownRegions = (
				en,
				Base,
			);
			mainGroup = 7E21A3892B1A4B43000C1E06;
			productRefGroup = 7E21A3932B1A4B43000C1E06 /* Products */;
			projectDirPath = "";
			projectRoot = "";
			targets = (
				7E21A3912B1A4B43000C1E06 /* IPTVPlayer */,
			);
		};
/* End PBXProject section */

/* Begin PBXResourcesBuildPhase section */
		7E21A3902B1A4B43000C1E06 /* Resources */ = {
			isa = PBXResourcesBuildPhase;
			buildActionMask = 2147483647;
			files = (
				7E21A3A22B1A4B45000C1E06 /* LaunchScreen.storyboard in Resources */,
				7E21A39F2B1A4B45000C1E06 /* Assets.xcassets in Resources */,
				7E21A39D2B1A4B43000C1E06 /* Main.storyboard in Resources */,
			);
			runOnlyForDeploymentPostprocessing = 0;
		};
/* End PBXResourcesBuildPhase section */

/* Begin PBXSourcesBuildPhase section */
		7E21A38E2B1A4B43000C1E06 /* Sources */ = {
			isa = PBXSourcesBuildPhase;
			buildActionMask = 2147483647;
			files = (
				7E21A3AD2B1A4D28000C1E06 /* NetworkServiceProvider.swift in Sources */,
				7E21A3B52B1A53CE000C1E06 /* Channel.swift in Sources */,
				7E21A39A2B1A4B43000C1E06 /* ViewController.swift in Sources */,
				7E21A3B92B1A5675000C1E06 /* ForeignPlayer.swift in Sources */,
				7E21A3AF2B1A4DAE000C1E06 /* ChannelsNetworkService.swift in Sources */,
				7E21A3962B1A4B43000C1E06 /* AppDelegate.swift in Sources */,
				7E21A3AB2B1A4C95000C1E06 /* NetworkService.swift in Sources */,
				7E21A3B32B1A523C000C1E06 /* ChannelsList.swift in Sources */,
				7E21A3B72B1A5665000C1E06 /* TVShow.swift in Sources */,
			);
			runOnlyForDeploymentPostprocessing = 0;
		};
/* End PBXSourcesBuildPhase section */

/* Begin PBXVariantGroup section */
		7E21A39B2B1A4B43000C1E06 /* Main.storyboard */ = {
			isa = PBXVariantGroup;
			children = (
				7E21A39C2B1A4B43000C1E06 /* Base */,
			);
			name = Main.storyboard;
			sourceTree = "<group>";
		};
		7E21A3A02B1A4B45000C1E06 /* LaunchScreen.storyboard */ = {
			isa = PBXVariantGroup;
			children = (
				7E21A3A12B1A4B45000C1E06 /* Base */,
			);
			name = LaunchScreen.storyboard;
			sourceTree = "<group>";
		};
/* End PBXVariantGroup section */

/* Begin XCBuildConfiguration section */
		7E21A3A42B1A4B45000C1E06 /* Debug */ = {
			isa = XCBuildConfiguration;
			buildSettings = {
				ALWAYS_SEARCH_USER_PATHS = NO;
				CLANG_ANALYZER_NONNULL = YES;
				CLANG_ANALYZER_NUMBER_OBJECT_CONVERSION = YES_AGGRESSIVE;
				CLANG_CXX_LANGUAGE_STANDARD = "gnu++20";
				CLANG_ENABLE_MODULES = YES;
				CLANG_ENABLE_OBJC_ARC = YES;
				CLANG_ENABLE_OBJC_WEAK = YES;
				CLANG_WARN_BLOCK_CAPTURE_AUTORELEASING = YES;
				CLANG_WARN_BOOL_CONVERSION = YES;
				CLANG_WARN_COMMA = YES;
				CLANG_WARN_CONSTANT_CONVERSION = YES;
				CLANG_WARN_DEPRECATED_OBJC_IMPLEMENTATIONS = YES;
				CLANG_WARN_DIRECT_OBJC_ISA_USAGE = YES_ERROR;
				CLANG_WARN_DOCUMENTATION_COMMENTS = YES;
				CLANG_WARN_EMPTY_BODY = YES;
				CLANG_WARN_ENUM_CONVERSION = YES;
				CLANG_WARN_INFINITE_RECURSION = YES;
				CLANG_WARN_INT_CONVERSION = YES;
				CLANG_WARN_NON_LITERAL_NULL_CONVERSION = YES;
				CLANG_WARN_OBJC_IMPLICIT_RETAIN_SELF = YES;
				CLANG_WARN_OBJC_LITERAL_CONVERSION = YES;
				CLANG_WARN_OBJC_ROOT_CLASS = YES_ERROR;
				CLANG_WARN_QUOTED_INCLUDE_IN_FRAMEWORK_HEADER = YES;
				CLANG_WARN_RANGE_LOOP_ANALYSIS = YES;
				CLANG_WARN_STRICT_PROTOTYPES = YES;
				CLANG_WARN_SUSPICIOUS_MOVE = YES;
				CLANG_WARN_UNGUARDED_AVAILABILITY = YES_AGGRESSIVE;
				CLANG_WARN_UNREACHABLE_CODE = YES;
				CLANG_WARN__DUPLICATE_METHOD_MATCH = YES;
				COPY_PHASE_STRIP = NO;
				DEBUG_INFORMATION_FORMAT = dwarf;
				ENABLE_STRICT_OBJC_MSGSEND = YES;
				ENABLE_TESTABILITY = YES;
				GCC_C_LANGUAGE_STANDARD = gnu11;
				GCC_DYNAMIC_NO_PIC = NO;
				GCC_NO_COMMON_BLOCKS = YES;
				GCC_OPTIMIZATION_LEVEL = 0;
				GCC_PREPROCESSOR_DEFINITIONS = (
					"DEBUG=1",
					"$(inherited)",
				);
				GCC_WARN_64_TO_32_BIT_CONVERSION = YES;
				GCC_WARN_ABOUT_RETURN_TYPE = YES_ERROR;
				GCC_WARN_UNDECLARED_SELECTOR = YES;
				GCC_WARN_UNINITIALIZED_AUTOS = YES_AGGRESSIVE;
				GCC_WARN_UNUSED_FUNCTION = YES;
				GCC_WARN_UNUSED_VARIABLE = YES;
				IPHONEOS_DEPLOYMENT_TARGET = 16.4;
				MTL_ENABLE_DEBUG_INFO = INCLUDE_SOURCE;
				MTL_FAST_MATH = YES;
				ONLY_ACTIVE_ARCH = YES;
				SDKROOT = iphoneos;
				SWIFT_ACTIVE_COMPILATION_CONDITIONS = DEBUG;
				SWIFT_OPTIMIZATION_LEVEL = "-Onone";
			};
			name = Debug;
		};
		7E21A3A52B1A4B45000C1E06 /* Release */ = {
			isa = XCBuildConfiguration;
			buildSettings = {
				ALWAYS_SEARCH_USER_PATHS = NO;
				CLANG_ANALYZER_NONNULL = YES;
				CLANG_ANALYZER_NUMBER_OBJECT_CONVERSION = YES_AGGRESSIVE;
				CLANG_CXX_LANGUAGE_STANDARD = "gnu++20";
				CLANG_ENABLE_MODULES = YES;
				CLANG_ENABLE_OBJC_ARC = YES;
				CLANG_ENABLE_OBJC_WEAK = YES;
				CLANG_WARN_BLOCK_CAPTURE_AUTORELEASING = YES;
				CLANG_WARN_BOOL_CONVERSION = YES;
				CLANG_WARN_COMMA = YES;
				CLANG_WARN_CONSTANT_CONVERSION = YES;
				CLANG_WARN_DEPRECATED_OBJC_IMPLEMENTATIONS = YES;
				CLANG_WARN_DIRECT_OBJC_ISA_USAGE = YES_ERROR;
				CLANG_WARN_DOCUMENTATION_COMMENTS = YES;
				CLANG_WARN_EMPTY_BODY = YES;
				CLANG_WARN_ENUM_CONVERSION = YES;
				CLANG_WARN_INFINITE_RECURSION = YES;
				CLANG_WARN_INT_CONVERSION = YES;
				CLANG_WARN_NON_LITERAL_NULL_CONVERSION = YES;
				CLANG_WARN_OBJC_IMPLICIT_RETAIN_SELF = YES;
				CLANG_WARN_OBJC_LITERAL_CONVERSION = YES;
				CLANG_WARN_OBJC_ROOT_CLASS = YES_ERROR;
				CLANG_WARN_QUOTED_INCLUDE_IN_FRAMEWORK_HEADER = YES;
				CLANG_WARN_RANGE_LOOP_ANALYSIS = YES;
				CLANG_WARN_STRICT_PROTOTYPES = YES;
				CLANG_WARN_SUSPICIOUS_MOVE = YES;
				CLANG_WARN_UNGUARDED_AVAILABILITY = YES_AGGRESSIVE;
				CLANG_WARN_UNREACHABLE_CODE = YES;
				CLANG_WARN__DUPLICATE_METHOD_MATCH = YES;
				COPY_PHASE_STRIP = NO;
				DEBUG_INFORMATION_FORMAT = "dwarf-with-dsym";
				ENABLE_NS_ASSERTIONS = NO;
				ENABLE_STRICT_OBJC_MSGSEND = YES;
				GCC_C_LANGUAGE_STANDARD = gnu11;
				GCC_NO_COMMON_BLOCKS = YES;
				GCC_WARN_64_TO_32_BIT_CONVERSION = YES;
				GCC_WARN_ABOUT_RETURN_TYPE = YES_ERROR;
				GCC_WARN_UNDECLARED_SELECTOR = YES;
				GCC_WARN_UNINITIALIZED_AUTOS = YES_AGGRESSIVE;
				GCC_WARN_UNUSED_FUNCTION = YES;
				GCC_WARN_UNUSED_VARIABLE = YES;
				IPHONEOS_DEPLOYMENT_TARGET = 16.4;
				MTL_ENABLE_DEBUG_INFO = NO;
				MTL_FAST_MATH = YES;
				SDKROOT = iphoneos;
				SWIFT_COMPILATION_MODE = wholemodule;
				SWIFT_OPTIMIZATION_LEVEL = "-O";
				VALIDATE_PRODUCT = YES;
			};
			name = Release;
		};
		7E21A3A72B1A4B45000C1E06 /* Debug */ = {
			isa = XCBuildConfiguration;
			buildSettings = {
				ASSETCATALOG_COMPILER_APPICON_NAME = AppIcon;
				ASSETCATALOG_COMPILER_GLOBAL_ACCENT_COLOR_NAME = AccentColor;
				CODE_SIGN_STYLE = Automatic;
				CURRENT_PROJECT_VERSION = 1;
				DEVELOPMENT_TEAM = CCJL5P6CW2;
				GENERATE_INFOPLIST_FILE = YES;
				INFOPLIST_FILE = IPTVPlayer/Info.plist;
				INFOPLIST_KEY_UIApplicationSupportsIndirectInputEvents = YES;
				INFOPLIST_KEY_UILaunchStoryboardName = LaunchScreen;
				INFOPLIST_KEY_UIMainStoryboardFile = Main;
				INFOPLIST_KEY_UISupportedInterfaceOrientations_iPad = "UIInterfaceOrientationPortrait UIInterfaceOrientationPortraitUpsideDown UIInterfaceOrientationLandscapeLeft UIInterfaceOrientationLandscapeRight";
				INFOPLIST_KEY_UISupportedInterfaceOrientations_iPhone = "UIInterfaceOrientationPortrait UIInterfaceOrientationLandscapeLeft UIInterfaceOrientationLandscapeRight";
				IPHONEOS_DEPLOYMENT_TARGET = 12.0;
				LD_RUNPATH_SEARCH_PATHS = (
					"$(inherited)",
					"@executable_path/Frameworks",
				);
				MARKETING_VERSION = 1.0;
				PRODUCT_BUNDLE_IDENTIFIER = mTim.IPTVPlayer;
				PRODUCT_NAME = "$(TARGET_NAME)";
				SWIFT_EMIT_LOC_STRINGS = YES;
				SWIFT_VERSION = 5.0;
				TARGETED_DEVICE_FAMILY = "1,2";
			};
			name = Debug;
		};
		7E21A3A82B1A4B45000C1E06 /* Release */ = {
			isa = XCBuildConfiguration;
			buildSettings = {
				ASSETCATALOG_COMPILER_APPICON_NAME = AppIcon;
				ASSETCATALOG_COMPILER_GLOBAL_ACCENT_COLOR_NAME = AccentColor;
				CODE_SIGN_STYLE = Automatic;
				CURRENT_PROJECT_VERSION = 1;
				DEVELOPMENT_TEAM = CCJL5P6CW2;
				GENERATE_INFOPLIST_FILE = YES;
				INFOPLIST_FILE = IPTVPlayer/Info.plist;
				INFOPLIST_KEY_UIApplicationSupportsIndirectInputEvents = YES;
				INFOPLIST_KEY_UILaunchStoryboardName = LaunchScreen;
				INFOPLIST_KEY_UIMainStoryboardFile = Main;
				INFOPLIST_KEY_UISupportedInterfaceOrientations_iPad = "UIInterfaceOrientationPortrait UIInterfaceOrientationPortraitUpsideDown UIInterfaceOrientationLandscapeLeft UIInterfaceOrientationLandscapeRight";
				INFOPLIST_KEY_UISupportedInterfaceOrientations_iPhone = "UIInterfaceOrientationPortrait UIInterfaceOrientationLandscapeLeft UIInterfaceOrientationLandscapeRight";
				IPHONEOS_DEPLOYMENT_TARGET = 12.0;
				LD_RUNPATH_SEARCH_PATHS = (
					"$(inherited)",
					"@executable_path/Frameworks",
				);
				MARKETING_VERSION = 1.0;
				PRODUCT_BUNDLE_IDENTIFIER = mTim.IPTVPlayer;
				PRODUCT_NAME = "$(TARGET_NAME)";
				SWIFT_EMIT_LOC_STRINGS = YES;
				SWIFT_VERSION = 5.0;
				TARGETED_DEVICE_FAMILY = "1,2";
			};
			name = Release;
		};
/* End XCBuildConfiguration section */

/* Begin XCConfigurationList section */
		7E21A38D2B1A4B43000C1E06 /* Build configuration list for PBXProject "IPTVPlayer" */ = {
			isa = XCConfigurationList;
			buildConfigurations = (
				7E21A3A42B1A4B45000C1E06 /* Debug */,
				7E21A3A52B1A4B45000C1E06 /* Release */,
			);
			defaultConfigurationIsVisible = 0;
			defaultConfigurationName = Release;
		};
		7E21A3A62B1A4B45000C1E06 /* Build configuration list for PBXNativeTarget "IPTVPlayer" */ = {
			isa = XCConfigurationList;
			buildConfigurations = (
				7E21A3A72B1A4B45000C1E06 /* Debug */,
				7E21A3A82B1A4B45000C1E06 /* Release */,
			);
			defaultConfigurationIsVisible = 0;
			defaultConfigurationName = Release;
		};
/* End XCConfigurationList section */
	};
	rootObject = 7E21A38A2B1A4B43000C1E06 /* Project object */;
}
