// !$*UTF8*$!
{
	archiveVersion = 1;
	classes = {
	};
	objectVersion = 56;
	objects = {

/* Begin PBXBuildFile section */
		7E21A3962B1A4B43000C1E06 /* AppDelegate.swift in Sources */ = {isa = PBXBuildFile; fileRef = 7E21A3952B1A4B43000C1E06 /* AppDelegate.swift */; };
		7E21A39A2B1A4B43000C1E06 /* ChannelsListViewController.swift in Sources */ = {isa = PBXBuildFile; fileRef = 7E21A3992B1A4B43000C1E06 /* ChannelsListViewController.swift */; };
		7E21A39D2B1A4B43000C1E06 /* Main.storyboard in Resources */ = {isa = PBXBuildFile; fileRef = 7E21A39B2B1A4B43000C1E06 /* Main.storyboard */; };
		7E21A39F2B1A4B45000C1E06 /* Assets.xcassets in Resources */ = {isa = PBXBuildFile; fileRef = 7E21A39E2B1A4B45000C1E06 /* Assets.xcassets */; };
		7E21A3A22B1A4B45000C1E06 /* LaunchScreen.storyboard in Resources */ = {isa = PBXBuildFile; fileRef = 7E21A3A02B1A4B45000C1E06 /* LaunchScreen.storyboard */; };
		7E21A3AB2B1A4C95000C1E06 /* NetworkService.swift in Sources */ = {isa = PBXBuildFile; fileRef = 7E21A3AA2B1A4C95000C1E06 /* NetworkService.swift */; };
		7E21A3AD2B1A4D28000C1E06 /* NetworkServiceProvider.swift in Sources */ = {isa = PBXBuildFile; fileRef = 7E21A3AC2B1A4D28000C1E06 /* NetworkServiceProvider.swift */; };
		7E21A3AF2B1A4DAE000C1E06 /* ChannelsNetworkService.swift in Sources */ = {isa = PBXBuildFile; fileRef = 7E21A3AE2B1A4DAE000C1E06 /* ChannelsNetworkService.swift */; };
		7E21A3B32B1A523C000C1E06 /* ChannelsList.swift in Sources */ = {isa = PBXBuildFile; fileRef = 7E21A3B22B1A523C000C1E06 /* ChannelsList.swift */; };
		7E21A3B52B1A53CE000C1E06 /* Channel.swift in Sources */ = {isa = PBXBuildFile; fileRef = 7E21A3B42B1A53CE000C1E06 /* Channel.swift */; };
		7E21A3B72B1A5665000C1E06 /* TVShow.swift in Sources */ = {isa = PBXBuildFile; fileRef = 7E21A3B62B1A5665000C1E06 /* TVShow.swift */; };
		7E21A3B92B1A5675000C1E06 /* ForeignPlayer.swift in Sources */ = {isa = PBXBuildFile; fileRef = 7E21A3B82B1A5675000C1E06 /* ForeignPlayer.swift */; };
		7E21A3BE2B1A60B0000C1E06 /* ImageViewWithLoader.swift in Sources */ = {isa = PBXBuildFile; fileRef = 7E21A3BD2B1A60B0000C1E06 /* ImageViewWithLoader.swift */; };
		7E21A3C32B1A6E9F000C1E06 /* DataProvider.swift in Sources */ = {isa = PBXBuildFile; fileRef = 7E21A3C22B1A6E9F000C1E06 /* DataProvider.swift */; };
		7E21A3C82B1A6F7C000C1E06 /* ChannelViewModel.swift in Sources */ = {isa = PBXBuildFile; fileRef = 7E21A3C72B1A6F7C000C1E06 /* ChannelViewModel.swift */; };
		7E21A3CD2B1A72FC000C1E06 /* ChannelTableViewCell.swift in Sources */ = {isa = PBXBuildFile; fileRef = 7E21A3CB2B1A72FC000C1E06 /* ChannelTableViewCell.swift */; };
		7E21A3CE2B1A72FC000C1E06 /* ChannelTableViewCell.xib in Resources */ = {isa = PBXBuildFile; fileRef = 7E21A3CC2B1A72FC000C1E06 /* ChannelTableViewCell.xib */; };
		7E21A3D02B1A7383000C1E06 /* StreamingData.swift in Sources */ = {isa = PBXBuildFile; fileRef = 7E21A3CF2B1A7383000C1E06 /* StreamingData.swift */; };
		7E21A3D72B1A7623000C1E06 /* PersistanceService.swift in Sources */ = {isa = PBXBuildFile; fileRef = 7E21A3D62B1A7623000C1E06 /* PersistanceService.swift */; };
		7E21A3D92B1A7EB7000C1E06 /* FavoriteChannelsService.swift in Sources */ = {isa = PBXBuildFile; fileRef = 7E21A3D82B1A7EB7000C1E06 /* FavoriteChannelsService.swift */; };
		7E21A3DB2B1A8515000C1E06 /* DataSource.swift in Sources */ = {isa = PBXBuildFile; fileRef = 7E21A3DA2B1A8514000C1E06 /* DataSource.swift */; };
		7E21A3DD2B1BA848000C1E06 /* DataSourceBuilder.swift in Sources */ = {isa = PBXBuildFile; fileRef = 7E21A3DC2B1BA848000C1E06 /* DataSourceBuilder.swift */; };
		7E21A3F02B1CC48F000C1E06 /* SFProText-Medium.ttf in Resources */ = {isa = PBXBuildFile; fileRef = 7E21A3E22B1CC48F000C1E06 /* SFProText-Medium.ttf */; };
		7E21A3F12B1CC48F000C1E06 /* SFProText-Heavy.ttf in Resources */ = {isa = PBXBuildFile; fileRef = 7E21A3E32B1CC48F000C1E06 /* SFProText-Heavy.ttf */; };
		7E21A3F22B1CC48F000C1E06 /* COPYRIGHT.txt in Resources */ = {isa = PBXBuildFile; fileRef = 7E21A3E42B1CC48F000C1E06 /* COPYRIGHT.txt */; };
		7E21A3F32B1CC48F000C1E06 /* SFProText-RegularItalic.ttf in Resources */ = {isa = PBXBuildFile; fileRef = 7E21A3E52B1CC48F000C1E06 /* SFProText-RegularItalic.ttf */; };
		7E21A3F42B1CC48F000C1E06 /* SFProText-Semibold.ttf in Resources */ = {isa = PBXBuildFile; fileRef = 7E21A3E62B1CC48F000C1E06 /* SFProText-Semibold.ttf */; };
		7E21A3F52B1CC48F000C1E06 /* SFProText-Regular.ttf in Resources */ = {isa = PBXBuildFile; fileRef = 7E21A3E72B1CC48F000C1E06 /* SFProText-Regular.ttf */; };
		7E21A3F62B1CC48F000C1E06 /* SFProText-BoldItalic.ttf in Resources */ = {isa = PBXBuildFile; fileRef = 7E21A3E82B1CC48F000C1E06 /* SFProText-BoldItalic.ttf */; };
		7E21A3F72B1CC48F000C1E06 /* SFProText-MediumItalic.ttf in Resources */ = {isa = PBXBuildFile; fileRef = 7E21A3E92B1CC48F000C1E06 /* SFProText-MediumItalic.ttf */; };
		7E21A3F82B1CC48F000C1E06 /* SFProText-LightItalic.ttf in Resources */ = {isa = PBXBuildFile; fileRef = 7E21A3EA2B1CC48F000C1E06 /* SFProText-LightItalic.ttf */; };
		7E21A3F92B1CC48F000C1E06 /* SFProText-Light.ttf in Resources */ = {isa = PBXBuildFile; fileRef = 7E21A3EB2B1CC48F000C1E06 /* SFProText-Light.ttf */; };
		7E21A3FA2B1CC48F000C1E06 /* SFProText-HeavyItalic.ttf in Resources */ = {isa = PBXBuildFile; fileRef = 7E21A3EC2B1CC48F000C1E06 /* SFProText-HeavyItalic.ttf */; };
		7E21A3FB2B1CC48F000C1E06 /* SFProText-SemiboldItalic.ttf in Resources */ = {isa = PBXBuildFile; fileRef = 7E21A3ED2B1CC48F000C1E06 /* SFProText-SemiboldItalic.ttf */; };
		7E21A3FC2B1CC48F000C1E06 /* SFPro_Font_License.rtf in Resources */ = {isa = PBXBuildFile; fileRef = 7E21A3EE2B1CC48F000C1E06 /* SFPro_Font_License.rtf */; };
		7E21A3FD2B1CC48F000C1E06 /* SFProText-Bold.ttf in Resources */ = {isa = PBXBuildFile; fileRef = 7E21A3EF2B1CC48F000C1E06 /* SFProText-Bold.ttf */; };
		7E21A4002B1CD921000C1E06 /* ChannelCellDelegate.swift in Sources */ = {isa = PBXBuildFile; fileRef = 7E21A3FF2B1CD921000C1E06 /* ChannelCellDelegate.swift */; };
		7E8661DC2B1D123500AD55B1 /* ChannelSearchBar.swift in Sources */ = {isa = PBXBuildFile; fileRef = 7E8661DB2B1D123500AD55B1 /* ChannelSearchBar.swift */; };
/* End PBXBuildFile section */

/* Begin PBXFileReference section */
		7E21A3922B1A4B43000C1E06 /* IPTVPlayer.app */ = {isa = PBXFileReference; explicitFileType = wrapper.application; includeInIndex = 0; path = IPTVPlayer.app; sourceTree = BUILT_PRODUCTS_DIR; };
		7E21A3952B1A4B43000C1E06 /* AppDelegate.swift */ = {isa = PBXFileReference; lastKnownFileType = sourcecode.swift; path = AppDelegate.swift; sourceTree = "<group>"; };
		7E21A3992B1A4B43000C1E06 /* ChannelsListViewController.swift */ = {isa = PBXFileReference; lastKnownFileType = sourcecode.swift; path = ChannelsListViewController.swift; sourceTree = "<group>"; };
		7E21A39C2B1A4B43000C1E06 /* Base */ = {isa = PBXFileReference; lastKnownFileType = file.storyboard; name = Base; path = Base.lproj/Main.storyboard; sourceTree = "<group>"; };
		7E21A39E2B1A4B45000C1E06 /* Assets.xcassets */ = {isa = PBXFileReference; lastKnownFileType = folder.assetcatalog; path = Assets.xcassets; sourceTree = "<group>"; };
		7E21A3A12B1A4B45000C1E06 /* Base */ = {isa = PBXFileReference; lastKnownFileType = file.storyboard; name = Base; path = Base.lproj/LaunchScreen.storyboard; sourceTree = "<group>"; };
		7E21A3A32B1A4B45000C1E06 /* Info.plist */ = {isa = PBXFileReference; lastKnownFileType = text.plist.xml; path = Info.plist; sourceTree = "<group>"; };
		7E21A3AA2B1A4C95000C1E06 /* NetworkService.swift */ = {isa = PBXFileReference; lastKnownFileType = sourcecode.swift; path = NetworkService.swift; sourceTree = "<group>"; };
		7E21A3AC2B1A4D28000C1E06 /* NetworkServiceProvider.swift */ = {isa = PBXFileReference; lastKnownFileType = sourcecode.swift; path = NetworkServiceProvider.swift; sourceTree = "<group>"; };
		7E21A3AE2B1A4DAE000C1E06 /* ChannelsNetworkService.swift */ = {isa = PBXFileReference; lastKnownFileType = sourcecode.swift; path = ChannelsNetworkService.swift; sourceTree = "<group>"; };
		7E21A3B22B1A523C000C1E06 /* ChannelsList.swift */ = {isa = PBXFileReference; lastKnownFileType = sourcecode.swift; path = ChannelsList.swift; sourceTree = "<group>"; };
		7E21A3B42B1A53CE000C1E06 /* Channel.swift */ = {isa = PBXFileReference; lastKnownFileType = sourcecode.swift; path = Channel.swift; sourceTree = "<group>"; };
		7E21A3B62B1A5665000C1E06 /* TVShow.swift */ = {isa = PBXFileReference; lastKnownFileType = sourcecode.swift; path = TVShow.swift; sourceTree = "<group>"; };
		7E21A3B82B1A5675000C1E06 /* ForeignPlayer.swift */ = {isa = PBXFileReference; lastKnownFileType = sourcecode.swift; path = ForeignPlayer.swift; sourceTree = "<group>"; };
		7E21A3BD2B1A60B0000C1E06 /* ImageViewWithLoader.swift */ = {isa = PBXFileReference; lastKnownFileType = sourcecode.swift; path = ImageViewWithLoader.swift; sourceTree = "<group>"; };
		7E21A3C22B1A6E9F000C1E06 /* DataProvider.swift */ = {isa = PBXFileReference; lastKnownFileType = sourcecode.swift; path = DataProvider.swift; sourceTree = "<group>"; };
		7E21A3C72B1A6F7C000C1E06 /* ChannelViewModel.swift */ = {isa = PBXFileReference; lastKnownFileType = sourcecode.swift; path = ChannelViewModel.swift; sourceTree = "<group>"; };
		7E21A3CB2B1A72FC000C1E06 /* ChannelTableViewCell.swift */ = {isa = PBXFileReference; lastKnownFileType = sourcecode.swift; path = ChannelTableViewCell.swift; sourceTree = "<group>"; };
		7E21A3CC2B1A72FC000C1E06 /* ChannelTableViewCell.xib */ = {isa = PBXFileReference; lastKnownFileType = file.xib; path = ChannelTableViewCell.xib; sourceTree = "<group>"; };
		7E21A3CF2B1A7383000C1E06 /* StreamingData.swift */ = {isa = PBXFileReference; lastKnownFileType = sourcecode.swift; path = StreamingData.swift; sourceTree = "<group>"; };
		7E21A3D62B1A7623000C1E06 /* PersistanceService.swift */ = {isa = PBXFileReference; lastKnownFileType = sourcecode.swift; path = PersistanceService.swift; sourceTree = "<group>"; };
		7E21A3D82B1A7EB7000C1E06 /* FavoriteChannelsService.swift */ = {isa = PBXFileReference; lastKnownFileType = sourcecode.swift; path = FavoriteChannelsService.swift; sourceTree = "<group>"; };
		7E21A3DA2B1A8514000C1E06 /* DataSource.swift */ = {isa = PBXFileReference; lastKnownFileType = sourcecode.swift; path = DataSource.swift; sourceTree = "<group>"; };
		7E21A3DC2B1BA848000C1E06 /* DataSourceBuilder.swift */ = {isa = PBXFileReference; lastKnownFileType = sourcecode.swift; path = DataSourceBuilder.swift; sourceTree = "<group>"; };
		7E21A3E22B1CC48F000C1E06 /* SFProText-Medium.ttf */ = {isa = PBXFileReference; lastKnownFileType = file; path = "SFProText-Medium.ttf"; sourceTree = "<group>"; };
		7E21A3E32B1CC48F000C1E06 /* SFProText-Heavy.ttf */ = {isa = PBXFileReference; lastKnownFileType = file; path = "SFProText-Heavy.ttf"; sourceTree = "<group>"; };
		7E21A3E42B1CC48F000C1E06 /* COPYRIGHT.txt */ = {isa = PBXFileReference; fileEncoding = 4; lastKnownFileType = text; path = COPYRIGHT.txt; sourceTree = "<group>"; };
		7E21A3E52B1CC48F000C1E06 /* SFProText-RegularItalic.ttf */ = {isa = PBXFileReference; lastKnownFileType = file; path = "SFProText-RegularItalic.ttf"; sourceTree = "<group>"; };
		7E21A3E62B1CC48F000C1E06 /* SFProText-Semibold.ttf */ = {isa = PBXFileReference; lastKnownFileType = file; path = "SFProText-Semibold.ttf"; sourceTree = "<group>"; };
		7E21A3E72B1CC48F000C1E06 /* SFProText-Regular.ttf */ = {isa = PBXFileReference; lastKnownFileType = file; path = "SFProText-Regular.ttf"; sourceTree = "<group>"; };
		7E21A3E82B1CC48F000C1E06 /* SFProText-BoldItalic.ttf */ = {isa = PBXFileReference; lastKnownFileType = file; path = "SFProText-BoldItalic.ttf"; sourceTree = "<group>"; };
		7E21A3E92B1CC48F000C1E06 /* SFProText-MediumItalic.ttf */ = {isa = PBXFileReference; lastKnownFileType = file; path = "SFProText-MediumItalic.ttf"; sourceTree = "<group>"; };
		7E21A3EA2B1CC48F000C1E06 /* SFProText-LightItalic.ttf */ = {isa = PBXFileReference; lastKnownFileType = file; path = "SFProText-LightItalic.ttf"; sourceTree = "<group>"; };
		7E21A3EB2B1CC48F000C1E06 /* SFProText-Light.ttf */ = {isa = PBXFileReference; lastKnownFileType = file; path = "SFProText-Light.ttf"; sourceTree = "<group>"; };
		7E21A3EC2B1CC48F000C1E06 /* SFProText-HeavyItalic.ttf */ = {isa = PBXFileReference; lastKnownFileType = file; path = "SFProText-HeavyItalic.ttf"; sourceTree = "<group>"; };
		7E21A3ED2B1CC48F000C1E06 /* SFProText-SemiboldItalic.ttf */ = {isa = PBXFileReference; lastKnownFileType = file; path = "SFProText-SemiboldItalic.ttf"; sourceTree = "<group>"; };
		7E21A3EE2B1CC48F000C1E06 /* SFPro_Font_License.rtf */ = {isa = PBXFileReference; fileEncoding = 4; lastKnownFileType = text.rtf; path = SFPro_Font_License.rtf; sourceTree = "<group>"; };
		7E21A3EF2B1CC48F000C1E06 /* SFProText-Bold.ttf */ = {isa = PBXFileReference; lastKnownFileType = file; path = "SFProText-Bold.ttf"; sourceTree = "<group>"; };
		7E21A3FF2B1CD921000C1E06 /* ChannelCellDelegate.swift */ = {isa = PBXFileReference; lastKnownFileType = sourcecode.swift; path = ChannelCellDelegate.swift; sourceTree = "<group>"; };
		7E8661DB2B1D123500AD55B1 /* ChannelSearchBar.swift */ = {isa = PBXFileReference; lastKnownFileType = sourcecode.swift; path = ChannelSearchBar.swift; sourceTree = "<group>"; };
/* End PBXFileReference section */

/* Begin PBXFrameworksBuildPhase section */
		7E21A38F2B1A4B43000C1E06 /* Frameworks */ = {
			isa = PBXFrameworksBuildPhase;
			buildActionMask = 2147483647;
			files = (
			);
			runOnlyForDeploymentPostprocessing = 0;
		};
/* End PBXFrameworksBuildPhase section */

/* Begin PBXGroup section */
		7E21A3892B1A4B43000C1E06 = {
			isa = PBXGroup;
			children = (
				7E21A3942B1A4B43000C1E06 /* IPTVPlayer */,
				7E21A3932B1A4B43000C1E06 /* Products */,
			);
			sourceTree = "<group>";
		};
		7E21A3932B1A4B43000C1E06 /* Products */ = {
			isa = PBXGroup;
			children = (
				7E21A3922B1A4B43000C1E06 /* IPTVPlayer.app */,
			);
			name = Products;
			sourceTree = "<group>";
		};
		7E21A3942B1A4B43000C1E06 /* IPTVPlayer */ = {
			isa = PBXGroup;
			children = (
				7E21A3BF2B1A62CD000C1E06 /* UI */,
				7E21A3A92B1A4C39000C1E06 /* Services */,
				7E21A3952B1A4B43000C1E06 /* AppDelegate.swift */,
				7E21A39B2B1A4B43000C1E06 /* Main.storyboard */,
				7E21A39E2B1A4B45000C1E06 /* Assets.xcassets */,
				7E21A3DE2B1BC9B0000C1E06 /* Fonts */,
				7E21A3A02B1A4B45000C1E06 /* LaunchScreen.storyboard */,
				7E21A3A32B1A4B45000C1E06 /* Info.plist */,
			);
			path = IPTVPlayer;
			sourceTree = "<group>";
		};
		7E21A3A92B1A4C39000C1E06 /* Services */ = {
			isa = PBXGroup;
			children = (
				7E21A3BA2B1A6018000C1E06 /* UserDefaultsService */,
				7E21A3B02B1A519D000C1E06 /* NetworkService */,
				7E21A3C22B1A6E9F000C1E06 /* DataProvider.swift */,
				7E21A3DC2B1BA848000C1E06 /* DataSourceBuilder.swift */,
			);
			path = Services;
			sourceTree = "<group>";
		};
		7E21A3B02B1A519D000C1E06 /* NetworkService */ = {
			isa = PBXGroup;
			children = (
				7E21A3D22B1A7494000C1E06 /* Protocol */,
				7E21A3B12B1A51BE000C1E06 /* NetworkModels */,
				7E21A3AE2B1A4DAE000C1E06 /* ChannelsNetworkService.swift */,
				7E21A3AC2B1A4D28000C1E06 /* NetworkServiceProvider.swift */,
			);
			path = NetworkService;
			sourceTree = "<group>";
		};
		7E21A3B12B1A51BE000C1E06 /* NetworkModels */ = {
			isa = PBXGroup;
			children = (
				7E21A3B22B1A523C000C1E06 /* ChannelsList.swift */,
				7E21A3B42B1A53CE000C1E06 /* Channel.swift */,
				7E21A3B62B1A5665000C1E06 /* TVShow.swift */,
				7E21A3B82B1A5675000C1E06 /* ForeignPlayer.swift */,
			);
			path = NetworkModels;
			sourceTree = "<group>";
		};
		7E21A3BA2B1A6018000C1E06 /* UserDefaultsService */ = {
			isa = PBXGroup;
			children = (
				7E21A3D52B1A75A6000C1E06 /* Protocol */,
				7E21A3D82B1A7EB7000C1E06 /* FavoriteChannelsService.swift */,
			);
			path = UserDefaultsService;
			sourceTree = "<group>";
		};
		7E21A3BF2B1A62CD000C1E06 /* UI */ = {
			isa = PBXGroup;
			children = (
				7E21A3C92B1A7239000C1E06 /* Controller */,
				7E21A3C62B1A6F59000C1E06 /* Model */,
				7E21A3C02B1A62E4000C1E06 /* View */,
			);
			path = UI;
			sourceTree = "<group>";
		};
		7E21A3C02B1A62E4000C1E06 /* View */ = {
			isa = PBXGroup;
			children = (
				7E8661DA2B1D11FA00AD55B1 /* ChannelSearchBar */,
				7E21A3CA2B1A727D000C1E06 /* ChannelTableViewCell */,
				7E21A3C12B1A62F1000C1E06 /* ImageView+Loader */,
			);
			path = View;
			sourceTree = "<group>";
		};
		7E21A3C12B1A62F1000C1E06 /* ImageView+Loader */ = {
			isa = PBXGroup;
			children = (
				7E21A3BD2B1A60B0000C1E06 /* ImageViewWithLoader.swift */,
			);
			path = "ImageView+Loader";
			sourceTree = "<group>";
		};
		7E21A3C62B1A6F59000C1E06 /* Model */ = {
			isa = PBXGroup;
			children = (
				7E21A3D12B1A7411000C1E06 /* Protocol */,
				7E21A3C72B1A6F7C000C1E06 /* ChannelViewModel.swift */,
			);
			path = Model;
			sourceTree = "<group>";
		};
		7E21A3C92B1A7239000C1E06 /* Controller */ = {
			isa = PBXGroup;
			children = (
				7E21A3992B1A4B43000C1E06 /* ChannelsListViewController.swift */,
			);
			path = Controller;
			sourceTree = "<group>";
		};
		7E21A3CA2B1A727D000C1E06 /* ChannelTableViewCell */ = {
			isa = PBXGroup;
			children = (
				7E21A3FE2B1CD8E5000C1E06 /* Protocol */,
				7E21A3CB2B1A72FC000C1E06 /* ChannelTableViewCell.swift */,
				7E21A3CC2B1A72FC000C1E06 /* ChannelTableViewCell.xib */,
			);
			path = ChannelTableViewCell;
			sourceTree = "<group>";
		};
		7E21A3D12B1A7411000C1E06 /* Protocol */ = {
			isa = PBXGroup;
			children = (
				7E21A3CF2B1A7383000C1E06 /* StreamingData.swift */,
			);
			path = Protocol;
			sourceTree = "<group>";
		};
		7E21A3D22B1A7494000C1E06 /* Protocol */ = {
			isa = PBXGroup;
			children = (
				7E21A3AA2B1A4C95000C1E06 /* NetworkService.swift */,
				7E21A3DA2B1A8514000C1E06 /* DataSource.swift */,
			);
			path = Protocol;
			sourceTree = "<group>";
		};
		7E21A3D52B1A75A6000C1E06 /* Protocol */ = {
			isa = PBXGroup;
			children = (
				7E21A3D62B1A7623000C1E06 /* PersistanceService.swift */,
			);
			path = Protocol;
			sourceTree = "<group>";
		};
		7E21A3DE2B1BC9B0000C1E06 /* Fonts */ = {
			isa = PBXGroup;
			children = (
				7E21A3E12B1CC48F000C1E06 /* San Francisco Pro Text */,
			);
			path = Fonts;
			sourceTree = "<group>";
		};
		7E21A3E12B1CC48F000C1E06 /* San Francisco Pro Text */ = {
			isa = PBXGroup;
			children = (
				7E21A3E22B1CC48F000C1E06 /* SFProText-Medium.ttf */,
				7E21A3E32B1CC48F000C1E06 /* SFProText-Heavy.ttf */,
				7E21A3E42B1CC48F000C1E06 /* COPYRIGHT.txt */,
				7E21A3E52B1CC48F000C1E06 /* SFProText-RegularItalic.ttf */,
				7E21A3E62B1CC48F000C1E06 /* SFProText-Semibold.ttf */,
				7E21A3E72B1CC48F000C1E06 /* SFProText-Regular.ttf */,
				7E21A3E82B1CC48F000C1E06 /* SFProText-BoldItalic.ttf */,
				7E21A3E92B1CC48F000C1E06 /* SFProText-MediumItalic.ttf */,
				7E21A3EA2B1CC48F000C1E06 /* SFProText-LightItalic.ttf */,
				7E21A3EB2B1CC48F000C1E06 /* SFProText-Light.ttf */,
				7E21A3EC2B1CC48F000C1E06 /* SFProText-HeavyItalic.ttf */,
				7E21A3ED2B1CC48F000C1E06 /* SFProText-SemiboldItalic.ttf */,
				7E21A3EE2B1CC48F000C1E06 /* SFPro_Font_License.rtf */,
				7E21A3EF2B1CC48F000C1E06 /* SFProText-Bold.ttf */,
			);
			path = "San Francisco Pro Text";
			sourceTree = "<group>";
		};
		7E21A3FE2B1CD8E5000C1E06 /* Protocol */ = {
			isa = PBXGroup;
			children = (
				7E21A3FF2B1CD921000C1E06 /* ChannelCellDelegate.swift */,
			);
			path = Protocol;
			sourceTree = "<group>";
		};
		7E8661DA2B1D11FA00AD55B1 /* ChannelSearchBar */ = {
			isa = PBXGroup;
			children = (
				7E8661DB2B1D123500AD55B1 /* ChannelSearchBar.swift */,
			);
			path = ChannelSearchBar;
			sourceTree = "<group>";
		};
/* End PBXGroup section */

/* Begin PBXNativeTarget section */
		7E21A3912B1A4B43000C1E06 /* IPTVPlayer */ = {
			isa = PBXNativeTarget;
			buildConfigurationList = 7E21A3A62B1A4B45000C1E06 /* Build configuration list for PBXNativeTarget "IPTVPlayer" */;
			buildPhases = (
				7E21A38E2B1A4B43000C1E06 /* Sources */,
				7E21A38F2B1A4B43000C1E06 /* Frameworks */,
				7E21A3902B1A4B43000C1E06 /* Resources */,
			);
			buildRules = (
			);
			dependencies = (
			);
			name = IPTVPlayer;
			productName = IPTVPlayer;
			productReference = 7E21A3922B1A4B43000C1E06 /* IPTVPlayer.app */;
			productType = "com.apple.product-type.application";
		};
/* End PBXNativeTarget section */

/* Begin PBXProject section */
		7E21A38A2B1A4B43000C1E06 /* Project object */ = {
			isa = PBXProject;
			attributes = {
				BuildIndependentTargetsInParallel = 1;
				LastSwiftUpdateCheck = 1430;
				LastUpgradeCheck = 1430;
				TargetAttributes = {
					7E21A3912B1A4B43000C1E06 = {
						CreatedOnToolsVersion = 14.3.1;
					};
				};
			};
			buildConfigurationList = 7E21A38D2B1A4B43000C1E06 /* Build configuration list for PBXProject "IPTVPlayer" */;
			compatibilityVersion = "Xcode 14.0";
			developmentRegion = en;
			hasScannedForEncodings = 0;
			knownRegions = (
				en,
				Base,
			);
			mainGroup = 7E21A3892B1A4B43000C1E06;
			productRefGroup = 7E21A3932B1A4B43000C1E06 /* Products */;
			projectDirPath = "";
			projectRoot = "";
			targets = (
				7E21A3912B1A4B43000C1E06 /* IPTVPlayer */,
			);
		};
/* End PBXProject section */

/* Begin PBXResourcesBuildPhase section */
		7E21A3902B1A4B43000C1E06 /* Resources */ = {
			isa = PBXResourcesBuildPhase;
			buildActionMask = 2147483647;
			files = (
				7E21A3F22B1CC48F000C1E06 /* COPYRIGHT.txt in Resources */,
				7E21A3A22B1A4B45000C1E06 /* LaunchScreen.storyboard in Resources */,
				7E21A3F42B1CC48F000C1E06 /* SFProText-Semibold.ttf in Resources */,
				7E21A3F52B1CC48F000C1E06 /* SFProText-Regular.ttf in Resources */,
				7E21A3CE2B1A72FC000C1E06 /* ChannelTableViewCell.xib in Resources */,
				7E21A3F72B1CC48F000C1E06 /* SFProText-MediumItalic.ttf in Resources */,
				7E21A3F32B1CC48F000C1E06 /* SFProText-RegularItalic.ttf in Resources */,
				7E21A3FD2B1CC48F000C1E06 /* SFProText-Bold.ttf in Resources */,
				7E21A3F82B1CC48F000C1E06 /* SFProText-LightItalic.ttf in Resources */,
				7E21A3F62B1CC48F000C1E06 /* SFProText-BoldItalic.ttf in Resources */,
				7E21A3FB2B1CC48F000C1E06 /* SFProText-SemiboldItalic.ttf in Resources */,
				7E21A39F2B1A4B45000C1E06 /* Assets.xcassets in Resources */,
				7E21A3FA2B1CC48F000C1E06 /* SFProText-HeavyItalic.ttf in Resources */,
				7E21A39D2B1A4B43000C1E06 /* Main.storyboard in Resources */,
				7E21A3F92B1CC48F000C1E06 /* SFProText-Light.ttf in Resources */,
				7E21A3FC2B1CC48F000C1E06 /* SFPro_Font_License.rtf in Resources */,
				7E21A3F12B1CC48F000C1E06 /* SFProText-Heavy.ttf in Resources */,
				7E21A3F02B1CC48F000C1E06 /* SFProText-Medium.ttf in Resources */,
			);
			runOnlyForDeploymentPostprocessing = 0;
		};
/* End PBXResourcesBuildPhase section */

/* Begin PBXSourcesBuildPhase section */
		7E21A38E2B1A4B43000C1E06 /* Sources */ = {
			isa = PBXSourcesBuildPhase;
			buildActionMask = 2147483647;
			files = (
				7E21A3D02B1A7383000C1E06 /* StreamingData.swift in Sources */,
				7E21A3DB2B1A8515000C1E06 /* DataSource.swift in Sources */,
				7E21A3AD2B1A4D28000C1E06 /* NetworkServiceProvider.swift in Sources */,
				7E21A3CD2B1A72FC000C1E06 /* ChannelTableViewCell.swift in Sources */,
				7E21A3B52B1A53CE000C1E06 /* Channel.swift in Sources */,
				7E21A3C32B1A6E9F000C1E06 /* DataProvider.swift in Sources */,
				7E21A3D92B1A7EB7000C1E06 /* FavoriteChannelsService.swift in Sources */,
				7E21A39A2B1A4B43000C1E06 /* ChannelsListViewController.swift in Sources */,
				7E21A3DD2B1BA848000C1E06 /* DataSourceBuilder.swift in Sources */,
				7E21A4002B1CD921000C1E06 /* ChannelCellDelegate.swift in Sources */,
				7E21A3B92B1A5675000C1E06 /* ForeignPlayer.swift in Sources */,
				7E21A3BE2B1A60B0000C1E06 /* ImageViewWithLoader.swift in Sources */,
				7E21A3C82B1A6F7C000C1E06 /* ChannelViewModel.swift in Sources */,
				7E21A3AF2B1A4DAE000C1E06 /* ChannelsNetworkService.swift in Sources */,
				7E21A3962B1A4B43000C1E06 /* AppDelegate.swift in Sources */,
				7E21A3AB2B1A4C95000C1E06 /* NetworkService.swift in Sources */,
				7E21A3D72B1A7623000C1E06 /* PersistanceService.swift in Sources */,
				7E8661DC2B1D123500AD55B1 /* ChannelSearchBar.swift in Sources */,
				7E21A3B32B1A523C000C1E06 /* ChannelsList.swift in Sources */,
				7E21A3B72B1A5665000C1E06 /* TVShow.swift in Sources */,
			);
			runOnlyForDeploymentPostprocessing = 0;
		};
/* End PBXSourcesBuildPhase section */

/* Begin PBXVariantGroup section */
		7E21A39B2B1A4B43000C1E06 /* Main.storyboard */ = {
			isa = PBXVariantGroup;
			children = (
				7E21A39C2B1A4B43000C1E06 /* Base */,
			);
			name = Main.storyboard;
			sourceTree = "<group>";
		};
		7E21A3A02B1A4B45000C1E06 /* LaunchScreen.storyboard */ = {
			isa = PBXVariantGroup;
			children = (
				7E21A3A12B1A4B45000C1E06 /* Base */,
			);
			name = LaunchScreen.storyboard;
			sourceTree = "<group>";
		};
/* End PBXVariantGroup section */

/* Begin XCBuildConfiguration section */
		7E21A3A42B1A4B45000C1E06 /* Debug */ = {
			isa = XCBuildConfiguration;
			buildSettings = {
				ALWAYS_SEARCH_USER_PATHS = NO;
				CLANG_ANALYZER_NONNULL = YES;
				CLANG_ANALYZER_NUMBER_OBJECT_CONVERSION = YES_AGGRESSIVE;
				CLANG_CXX_LANGUAGE_STANDARD = "gnu++20";
				CLANG_ENABLE_MODULES = YES;
				CLANG_ENABLE_OBJC_ARC = YES;
				CLANG_ENABLE_OBJC_WEAK = YES;
				CLANG_WARN_BLOCK_CAPTURE_AUTORELEASING = YES;
				CLANG_WARN_BOOL_CONVERSION = YES;
				CLANG_WARN_COMMA = YES;
				CLANG_WARN_CONSTANT_CONVERSION = YES;
				CLANG_WARN_DEPRECATED_OBJC_IMPLEMENTATIONS = YES;
				CLANG_WARN_DIRECT_OBJC_ISA_USAGE = YES_ERROR;
				CLANG_WARN_DOCUMENTATION_COMMENTS = YES;
				CLANG_WARN_EMPTY_BODY = YES;
				CLANG_WARN_ENUM_CONVERSION = YES;
				CLANG_WARN_INFINITE_RECURSION = YES;
				CLANG_WARN_INT_CONVERSION = YES;
				CLANG_WARN_NON_LITERAL_NULL_CONVERSION = YES;
				CLANG_WARN_OBJC_IMPLICIT_RETAIN_SELF = YES;
				CLANG_WARN_OBJC_LITERAL_CONVERSION = YES;
				CLANG_WARN_OBJC_ROOT_CLASS = YES_ERROR;
				CLANG_WARN_QUOTED_INCLUDE_IN_FRAMEWORK_HEADER = YES;
				CLANG_WARN_RANGE_LOOP_ANALYSIS = YES;
				CLANG_WARN_STRICT_PROTOTYPES = YES;
				CLANG_WARN_SUSPICIOUS_MOVE = YES;
				CLANG_WARN_UNGUARDED_AVAILABILITY = YES_AGGRESSIVE;
				CLANG_WARN_UNREACHABLE_CODE = YES;
				CLANG_WARN__DUPLICATE_METHOD_MATCH = YES;
				COPY_PHASE_STRIP = NO;
				DEBUG_INFORMATION_FORMAT = dwarf;
				ENABLE_STRICT_OBJC_MSGSEND = YES;
				ENABLE_TESTABILITY = YES;
				GCC_C_LANGUAGE_STANDARD = gnu11;
				GCC_DYNAMIC_NO_PIC = NO;
				GCC_NO_COMMON_BLOCKS = YES;
				GCC_OPTIMIZATION_LEVEL = 0;
				GCC_PREPROCESSOR_DEFINITIONS = (
					"DEBUG=1",
					"$(inherited)",
				);
				GCC_WARN_64_TO_32_BIT_CONVERSION = YES;
				GCC_WARN_ABOUT_RETURN_TYPE = YES_ERROR;
				GCC_WARN_UNDECLARED_SELECTOR = YES;
				GCC_WARN_UNINITIALIZED_AUTOS = YES_AGGRESSIVE;
				GCC_WARN_UNUSED_FUNCTION = YES;
				GCC_WARN_UNUSED_VARIABLE = YES;
				IPHONEOS_DEPLOYMENT_TARGET = 16.4;
				MTL_ENABLE_DEBUG_INFO = INCLUDE_SOURCE;
				MTL_FAST_MATH = YES;
				ONLY_ACTIVE_ARCH = YES;
				SDKROOT = iphoneos;
				SWIFT_ACTIVE_COMPILATION_CONDITIONS = DEBUG;
				SWIFT_OPTIMIZATION_LEVEL = "-Onone";
			};
			name = Debug;
		};
		7E21A3A52B1A4B45000C1E06 /* Release */ = {
			isa = XCBuildConfiguration;
			buildSettings = {
				ALWAYS_SEARCH_USER_PATHS = NO;
				CLANG_ANALYZER_NONNULL = YES;
				CLANG_ANALYZER_NUMBER_OBJECT_CONVERSION = YES_AGGRESSIVE;
				CLANG_CXX_LANGUAGE_STANDARD = "gnu++20";
				CLANG_ENABLE_MODULES = YES;
				CLANG_ENABLE_OBJC_ARC = YES;
				CLANG_ENABLE_OBJC_WEAK = YES;
				CLANG_WARN_BLOCK_CAPTURE_AUTORELEASING = YES;
				CLANG_WARN_BOOL_CONVERSION = YES;
				CLANG_WARN_COMMA = YES;
				CLANG_WARN_CONSTANT_CONVERSION = YES;
				CLANG_WARN_DEPRECATED_OBJC_IMPLEMENTATIONS = YES;
				CLANG_WARN_DIRECT_OBJC_ISA_USAGE = YES_ERROR;
				CLANG_WARN_DOCUMENTATION_COMMENTS = YES;
				CLANG_WARN_EMPTY_BODY = YES;
				CLANG_WARN_ENUM_CONVERSION = YES;
				CLANG_WARN_INFINITE_RECURSION = YES;
				CLANG_WARN_INT_CONVERSION = YES;
				CLANG_WARN_NON_LITERAL_NULL_CONVERSION = YES;
				CLANG_WARN_OBJC_IMPLICIT_RETAIN_SELF = YES;
				CLANG_WARN_OBJC_LITERAL_CONVERSION = YES;
				CLANG_WARN_OBJC_ROOT_CLASS = YES_ERROR;
				CLANG_WARN_QUOTED_INCLUDE_IN_FRAMEWORK_HEADER = YES;
				CLANG_WARN_RANGE_LOOP_ANALYSIS = YES;
				CLANG_WARN_STRICT_PROTOTYPES = YES;
				CLANG_WARN_SUSPICIOUS_MOVE = YES;
				CLANG_WARN_UNGUARDED_AVAILABILITY = YES_AGGRESSIVE;
				CLANG_WARN_UNREACHABLE_CODE = YES;
				CLANG_WARN__DUPLICATE_METHOD_MATCH = YES;
				COPY_PHASE_STRIP = NO;
				DEBUG_INFORMATION_FORMAT = "dwarf-with-dsym";
				ENABLE_NS_ASSERTIONS = NO;
				ENABLE_STRICT_OBJC_MSGSEND = YES;
				GCC_C_LANGUAGE_STANDARD = gnu11;
				GCC_NO_COMMON_BLOCKS = YES;
				GCC_WARN_64_TO_32_BIT_CONVERSION = YES;
				GCC_WARN_ABOUT_RETURN_TYPE = YES_ERROR;
				GCC_WARN_UNDECLARED_SELECTOR = YES;
				GCC_WARN_UNINITIALIZED_AUTOS = YES_AGGRESSIVE;
				GCC_WARN_UNUSED_FUNCTION = YES;
				GCC_WARN_UNUSED_VARIABLE = YES;
				IPHONEOS_DEPLOYMENT_TARGET = 16.4;
				MTL_ENABLE_DEBUG_INFO = NO;
				MTL_FAST_MATH = YES;
				SDKROOT = iphoneos;
				SWIFT_COMPILATION_MODE = wholemodule;
				SWIFT_OPTIMIZATION_LEVEL = "-O";
				VALIDATE_PRODUCT = YES;
			};
			name = Release;
		};
		7E21A3A72B1A4B45000C1E06 /* Debug */ = {
			isa = XCBuildConfiguration;
			buildSettings = {
				ASSETCATALOG_COMPILER_APPICON_NAME = AppIcon;
				ASSETCATALOG_COMPILER_GLOBAL_ACCENT_COLOR_NAME = AccentColor;
				CODE_SIGN_STYLE = Automatic;
				CURRENT_PROJECT_VERSION = 1;
				DEVELOPMENT_TEAM = CCJL5P6CW2;
				GENERATE_INFOPLIST_FILE = YES;
				INFOPLIST_FILE = IPTVPlayer/Info.plist;
				INFOPLIST_KEY_UIApplicationSupportsIndirectInputEvents = YES;
				INFOPLIST_KEY_UILaunchStoryboardName = LaunchScreen;
				INFOPLIST_KEY_UIMainStoryboardFile = Main;
				INFOPLIST_KEY_UISupportedInterfaceOrientations_iPad = "UIInterfaceOrientationPortrait UIInterfaceOrientationPortraitUpsideDown UIInterfaceOrientationLandscapeLeft UIInterfaceOrientationLandscapeRight";
				INFOPLIST_KEY_UISupportedInterfaceOrientations_iPhone = "UIInterfaceOrientationPortrait UIInterfaceOrientationLandscapeLeft UIInterfaceOrientationLandscapeRight";
				IPHONEOS_DEPLOYMENT_TARGET = 12.0;
				LD_RUNPATH_SEARCH_PATHS = (
					"$(inherited)",
					"@executable_path/Frameworks",
				);
				MARKETING_VERSION = 1.0;
				PRODUCT_BUNDLE_IDENTIFIER = mTim.IPTVPlayer;
				PRODUCT_NAME = "$(TARGET_NAME)";
				SWIFT_EMIT_LOC_STRINGS = YES;
				SWIFT_VERSION = 5.0;
				TARGETED_DEVICE_FAMILY = "1,2";
			};
			name = Debug;
		};
		7E21A3A82B1A4B45000C1E06 /* Release */ = {
			isa = XCBuildConfiguration;
			buildSettings = {
				ASSETCATALOG_COMPILER_APPICON_NAME = AppIcon;
				ASSETCATALOG_COMPILER_GLOBAL_ACCENT_COLOR_NAME = AccentColor;
				CODE_SIGN_STYLE = Automatic;
				CURRENT_PROJECT_VERSION = 1;
				DEVELOPMENT_TEAM = CCJL5P6CW2;
				GENERATE_INFOPLIST_FILE = YES;
				INFOPLIST_FILE = IPTVPlayer/Info.plist;
				INFOPLIST_KEY_UIApplicationSupportsIndirectInputEvents = YES;
				INFOPLIST_KEY_UILaunchStoryboardName = LaunchScreen;
				INFOPLIST_KEY_UIMainStoryboardFile = Main;
				INFOPLIST_KEY_UISupportedInterfaceOrientations_iPad = "UIInterfaceOrientationPortrait UIInterfaceOrientationPortraitUpsideDown UIInterfaceOrientationLandscapeLeft UIInterfaceOrientationLandscapeRight";
				INFOPLIST_KEY_UISupportedInterfaceOrientations_iPhone = "UIInterfaceOrientationPortrait UIInterfaceOrientationLandscapeLeft UIInterfaceOrientationLandscapeRight";
				IPHONEOS_DEPLOYMENT_TARGET = 12.0;
				LD_RUNPATH_SEARCH_PATHS = (
					"$(inherited)",
					"@executable_path/Frameworks",
				);
				MARKETING_VERSION = 1.0;
				PRODUCT_BUNDLE_IDENTIFIER = mTim.IPTVPlayer;
				PRODUCT_NAME = "$(TARGET_NAME)";
				SWIFT_EMIT_LOC_STRINGS = YES;
				SWIFT_VERSION = 5.0;
				TARGETED_DEVICE_FAMILY = "1,2";
			};
			name = Release;
		};
/* End XCBuildConfiguration section */

/* Begin XCConfigurationList section */
		7E21A38D2B1A4B43000C1E06 /* Build configuration list for PBXProject "IPTVPlayer" */ = {
			isa = XCConfigurationList;
			buildConfigurations = (
				7E21A3A42B1A4B45000C1E06 /* Debug */,
				7E21A3A52B1A4B45000C1E06 /* Release */,
			);
			defaultConfigurationIsVisible = 0;
			defaultConfigurationName = Release;
		};
		7E21A3A62B1A4B45000C1E06 /* Build configuration list for PBXNativeTarget "IPTVPlayer" */ = {
			isa = XCConfigurationList;
			buildConfigurations = (
				7E21A3A72B1A4B45000C1E06 /* Debug */,
				7E21A3A82B1A4B45000C1E06 /* Release */,
			);
			defaultConfigurationIsVisible = 0;
			defaultConfigurationName = Release;
		};
/* End XCConfigurationList section */
	};
	rootObject = 7E21A38A2B1A4B43000C1E06 /* Project object */;
}
